// !$*UTF8*$!
{
	archiveVersion = 1;
	classes = {
	};
	objectVersion = 55;
	objects = {

/* Begin PBXBuildFile section */
		B20110BA2874DB350047F736 /* AppDelegate.swift in Sources */ = {isa = PBXBuildFile; fileRef = B20110B92874DB350047F736 /* AppDelegate.swift */; };
		B20110BC2874DB350047F736 /* SceneDelegate.swift in Sources */ = {isa = PBXBuildFile; fileRef = B20110BB2874DB350047F736 /* SceneDelegate.swift */; };
		B20110BE2874DB350047F736 /* TableViewController.swift in Sources */ = {isa = PBXBuildFile; fileRef = B20110BD2874DB350047F736 /* TableViewController.swift */; };
		B20110C12874DB350047F736 /* Main.storyboard in Resources */ = {isa = PBXBuildFile; fileRef = B20110BF2874DB350047F736 /* Main.storyboard */; };
		B20110C32874DB360047F736 /* Assets.xcassets in Resources */ = {isa = PBXBuildFile; fileRef = B20110C22874DB360047F736 /* Assets.xcassets */; };
		B20110C62874DB360047F736 /* LaunchScreen.storyboard in Resources */ = {isa = PBXBuildFile; fileRef = B20110C42874DB360047F736 /* LaunchScreen.storyboard */; };
		B20110D22874DFB70047F736 /* Image.swift in Sources */ = {isa = PBXBuildFile; fileRef = B20110D12874DFB70047F736 /* Image.swift */; };
		B20110D42874EC2A0047F736 /* DetailsViewController.swift in Sources */ = {isa = PBXBuildFile; fileRef = B20110D32874EC2A0047F736 /* DetailsViewController.swift */; };
		B2867FF7287501CB00EA72C2 /* Cell.swift in Sources */ = {isa = PBXBuildFile; fileRef = B2867FF6287501CB00EA72C2 /* Cell.swift */; };
/* End PBXBuildFile section */

/* Begin PBXFileReference section */
		B20110B62874DB350047F736 /* MilesstoneProjects10-12.app */ = {isa = PBXFileReference; explicitFileType = wrapper.application; includeInIndex = 0; path = "MilesstoneProjects10-12.app"; sourceTree = BUILT_PRODUCTS_DIR; };
		B20110B92874DB350047F736 /* AppDelegate.swift */ = {isa = PBXFileReference; lastKnownFileType = sourcecode.swift; path = AppDelegate.swift; sourceTree = "<group>"; };
		B20110BB2874DB350047F736 /* SceneDelegate.swift */ = {isa = PBXFileReference; lastKnownFileType = sourcecode.swift; path = SceneDelegate.swift; sourceTree = "<group>"; };
		B20110BD2874DB350047F736 /* TableViewController.swift */ = {isa = PBXFileReference; lastKnownFileType = sourcecode.swift; path = TableViewController.swift; sourceTree = "<group>"; };
		B20110C02874DB350047F736 /* Base */ = {isa = PBXFileReference; lastKnownFileType = file.storyboard; name = Base; path = Base.lproj/Main.storyboard; sourceTree = "<group>"; };
		B20110C22874DB360047F736 /* Assets.xcassets */ = {isa = PBXFileReference; lastKnownFileType = folder.assetcatalog; path = Assets.xcassets; sourceTree = "<group>"; };
		B20110C52874DB360047F736 /* Base */ = {isa = PBXFileReference; lastKnownFileType = file.storyboard; name = Base; path = Base.lproj/LaunchScreen.storyboard; sourceTree = "<group>"; };
		B20110C72874DB360047F736 /* Info.plist */ = {isa = PBXFileReference; lastKnownFileType = text.plist.xml; path = Info.plist; sourceTree = "<group>"; };
		B20110D12874DFB70047F736 /* Image.swift */ = {isa = PBXFileReference; lastKnownFileType = sourcecode.swift; path = Image.swift; sourceTree = "<group>"; };
		B20110D32874EC2A0047F736 /* DetailsViewController.swift */ = {isa = PBXFileReference; lastKnownFileType = sourcecode.swift; path = DetailsViewController.swift; sourceTree = "<group>"; };
		B2867FF6287501CB00EA72C2 /* Cell.swift */ = {isa = PBXFileReference; lastKnownFileType = sourcecode.swift; path = Cell.swift; sourceTree = "<group>"; };
/* End PBXFileReference section */

/* Begin PBXFrameworksBuildPhase section */
		B20110B32874DB350047F736 /* Frameworks */ = {
			isa = PBXFrameworksBuildPhase;
			buildActionMask = 2147483647;
			files = (
			);
			runOnlyForDeploymentPostprocessing = 0;
		};
/* End PBXFrameworksBuildPhase section */

/* Begin PBXGroup section */
		B20110AD2874DB340047F736 = {
			isa = PBXGroup;
			children = (
				B20110B82874DB350047F736 /* MilesstoneProjects10-12 */,
				B20110B72874DB350047F736 /* Products */,
			);
			sourceTree = "<group>";
		};
		B20110B72874DB350047F736 /* Products */ = {
			isa = PBXGroup;
			children = (
				B20110B62874DB350047F736 /* MilesstoneProjects10-12.app */,
			);
			name = Products;
			sourceTree = "<group>";
		};
		B20110B82874DB350047F736 /* MilesstoneProjects10-12 */ = {
			isa = PBXGroup;
			children = (
				B20110B92874DB350047F736 /* AppDelegate.swift */,
				B20110BB2874DB350047F736 /* SceneDelegate.swift */,
				B20110BD2874DB350047F736 /* TableViewController.swift */,
				B20110D32874EC2A0047F736 /* DetailsViewController.swift */,
				B2867FF6287501CB00EA72C2 /* Cell.swift */,
				B20110D12874DFB70047F736 /* Image.swift */,
				B20110BF2874DB350047F736 /* Main.storyboard */,
				B20110C22874DB360047F736 /* Assets.xcassets */,
				B20110C42874DB360047F736 /* LaunchScreen.storyboard */,
				B20110C72874DB360047F736 /* Info.plist */,
			);
			path = "MilesstoneProjects10-12";
			sourceTree = "<group>";
		};
/* End PBXGroup section */

/* Begin PBXNativeTarget section */
		B20110B52874DB350047F736 /* MilesstoneProjects10-12 */ = {
			isa = PBXNativeTarget;
			buildConfigurationList = B20110CA2874DB360047F736 /* Build configuration list for PBXNativeTarget "MilesstoneProjects10-12" */;
			buildPhases = (
				B20110B22874DB350047F736 /* Sources */,
				B20110B32874DB350047F736 /* Frameworks */,
				B20110B42874DB350047F736 /* Resources */,
			);
			buildRules = (
			);
			dependencies = (
			);
			name = "MilesstoneProjects10-12";
			productName = "MilesstoneProjects10-12";
			productReference = B20110B62874DB350047F736 /* MilesstoneProjects10-12.app */;
			productType = "com.apple.product-type.application";
		};
/* End PBXNativeTarget section */

/* Begin PBXProject section */
		B20110AE2874DB340047F736 /* Project object */ = {
			isa = PBXProject;
			attributes = {
				BuildIndependentTargetsInParallel = 1;
				LastSwiftUpdateCheck = 1340;
				LastUpgradeCheck = 1340;
				TargetAttributes = {
					B20110B52874DB350047F736 = {
						CreatedOnToolsVersion = 13.4.1;
					};
				};
			};
			buildConfigurationList = B20110B12874DB340047F736 /* Build configuration list for PBXProject "MilesstoneProjects10-12" */;
			compatibilityVersion = "Xcode 13.0";
			developmentRegion = en;
			hasScannedForEncodings = 0;
			knownRegions = (
				en,
				Base,
			);
			mainGroup = B20110AD2874DB340047F736;
			productRefGroup = B20110B72874DB350047F736 /* Products */;
			projectDirPath = "";
			projectRoot = "";
			targets = (
				B20110B52874DB350047F736 /* MilesstoneProjects10-12 */,
			);
		};
/* End PBXProject section */

/* Begin PBXResourcesBuildPhase section */
		B20110B42874DB350047F736 /* Resources */ = {
			isa = PBXResourcesBuildPhase;
			buildActionMask = 2147483647;
			files = (
				B20110C62874DB360047F736 /* LaunchScreen.storyboard in Resources */,
				B20110C32874DB360047F736 /* Assets.xcassets in Resources */,
				B20110C12874DB350047F736 /* Main.storyboard in Resources */,
			);
			runOnlyForDeploymentPostprocessing = 0;
		};
/* End PBXResourcesBuildPhase section */

/* Begin PBXSourcesBuildPhase section */
		B20110B22874DB350047F736 /* Sources */ = {
			isa = PBXSourcesBuildPhase;
			buildActionMask = 2147483647;
			files = (
				B20110BE2874DB350047F736 /* TableViewController.swift in Sources */,
				B20110D22874DFB70047F736 /* Image.swift in Sources */,
				B20110BA2874DB350047F736 /* AppDelegate.swift in Sources */,
				B20110BC2874DB350047F736 /* SceneDelegate.swift in Sources */,
				B20110D42874EC2A0047F736 /* DetailsViewController.swift in Sources */,
				B2867FF7287501CB00EA72C2 /* Cell.swift in Sources */,
			);
			runOnlyForDeploymentPostprocessing = 0;
		};
/* End PBXSourcesBuildPhase section */

/* Begin PBXVariantGroup section */
		B20110BF2874DB350047F736 /* Main.storyboard */ = {
			isa = PBXVariantGroup;
			children = (
				B20110C02874DB350047F736 /* Base */,
			);
			name = Main.storyboard;
			sourceTree = "<group>";
		};
		B20110C42874DB360047F736 /* LaunchScreen.storyboard */ = {
			isa = PBXVariantGroup;
			children = (
				B20110C52874DB360047F736 /* Base */,
			);
			name = LaunchScreen.storyboard;
			sourceTree = "<group>";
		};
/* End PBXVariantGroup section */

/* Begin XCBuildConfiguration section */
		B20110C82874DB360047F736 /* Debug */ = {
			isa = XCBuildConfiguration;
			buildSettings = {
				ALWAYS_SEARCH_USER_PATHS = NO;
				CLANG_ANALYZER_NONNULL = YES;
				CLANG_ANALYZER_NUMBER_OBJECT_CONVERSION = YES_AGGRESSIVE;
				CLANG_CXX_LANGUAGE_STANDARD = "gnu++17";
				CLANG_ENABLE_MODULES = YES;
				CLANG_ENABLE_OBJC_ARC = YES;
				CLANG_ENABLE_OBJC_WEAK = YES;
				CLANG_WARN_BLOCK_CAPTURE_AUTORELEASING = YES;
				CLANG_WARN_BOOL_CONVERSION = YES;
				CLANG_WARN_COMMA = YES;
				CLANG_WARN_CONSTANT_CONVERSION = YES;
				CLANG_WARN_DEPRECATED_OBJC_IMPLEMENTATIONS = YES;
				CLANG_WARN_DIRECT_OBJC_ISA_USAGE = YES_ERROR;
				CLANG_WARN_DOCUMENTATION_COMMENTS = YES;
				CLANG_WARN_EMPTY_BODY = YES;
				CLANG_WARN_ENUM_CONVERSION = YES;
				CLANG_WARN_INFINITE_RECURSION = YES;
				CLANG_WARN_INT_CONVERSION = YES;
				CLANG_WARN_NON_LITERAL_NULL_CONVERSION = YES;
				CLANG_WARN_OBJC_IMPLICIT_RETAIN_SELF = YES;
				CLANG_WARN_OBJC_LITERAL_CONVERSION = YES;
				CLANG_WARN_OBJC_ROOT_CLASS = YES_ERROR;
				CLANG_WARN_QUOTED_INCLUDE_IN_FRAMEWORK_HEADER = YES;
				CLANG_WARN_RANGE_LOOP_ANALYSIS = YES;
				CLANG_WARN_STRICT_PROTOTYPES = YES;
				CLANG_WARN_SUSPICIOUS_MOVE = YES;
				CLANG_WARN_UNGUARDED_AVAILABILITY = YES_AGGRESSIVE;
				CLANG_WARN_UNREACHABLE_CODE = YES;
				CLANG_WARN__DUPLICATE_METHOD_MATCH = YES;
				COPY_PHASE_STRIP = NO;
				DEBUG_INFORMATION_FORMAT = dwarf;
				ENABLE_STRICT_OBJC_MSGSEND = YES;
				ENABLE_TESTABILITY = YES;
				GCC_C_LANGUAGE_STANDARD = gnu11;
				GCC_DYNAMIC_NO_PIC = NO;
				GCC_NO_COMMON_BLOCKS = YES;
				GCC_OPTIMIZATION_LEVEL = 0;
				GCC_PREPROCESSOR_DEFINITIONS = (
					"DEBUG=1",
					"$(inherited)",
				);
				GCC_WARN_64_TO_32_BIT_CONVERSION = YES;
				GCC_WARN_ABOUT_RETURN_TYPE = YES_ERROR;
				GCC_WARN_UNDECLARED_SELECTOR = YES;
				GCC_WARN_UNINITIALIZED_AUTOS = YES_AGGRESSIVE;
				GCC_WARN_UNUSED_FUNCTION = YES;
				GCC_WARN_UNUSED_VARIABLE = YES;
				IPHONEOS_DEPLOYMENT_TARGET = 15.5;
				MTL_ENABLE_DEBUG_INFO = INCLUDE_SOURCE;
				MTL_FAST_MATH = YES;
				ONLY_ACTIVE_ARCH = YES;
				SDKROOT = iphoneos;
				SWIFT_ACTIVE_COMPILATION_CONDITIONS = DEBUG;
				SWIFT_OPTIMIZATION_LEVEL = "-Onone";
			};
			name = Debug;
		};
		B20110C92874DB360047F736 /* Release */ = {
			isa = XCBuildConfiguration;
			buildSettings = {
				ALWAYS_SEARCH_USER_PATHS = NO;
				CLANG_ANALYZER_NONNULL = YES;
				CLANG_ANALYZER_NUMBER_OBJECT_CONVERSION = YES_AGGRESSIVE;
				CLANG_CXX_LANGUAGE_STANDARD = "gnu++17";
				CLANG_ENABLE_MODULES = YES;
				CLANG_ENABLE_OBJC_ARC = YES;
				CLANG_ENABLE_OBJC_WEAK = YES;
				CLANG_WARN_BLOCK_CAPTURE_AUTORELEASING = YES;
				CLANG_WARN_BOOL_CONVERSION = YES;
				CLANG_WARN_COMMA = YES;
				CLANG_WARN_CONSTANT_CONVERSION = YES;
				CLANG_WARN_DEPRECATED_OBJC_IMPLEMENTATIONS = YES;
				CLANG_WARN_DIRECT_OBJC_ISA_USAGE = YES_ERROR;
				CLANG_WARN_DOCUMENTATION_COMMENTS = YES;
				CLANG_WARN_EMPTY_BODY = YES;
				CLANG_WARN_ENUM_CONVERSION = YES;
				CLANG_WARN_INFINITE_RECURSION = YES;
				CLANG_WARN_INT_CONVERSION = YES;
				CLANG_WARN_NON_LITERAL_NULL_CONVERSION = YES;
				CLANG_WARN_OBJC_IMPLICIT_RETAIN_SELF = YES;
				CLANG_WARN_OBJC_LITERAL_CONVERSION = YES;
				CLANG_WARN_OBJC_ROOT_CLASS = YES_ERROR;
				CLANG_WARN_QUOTED_INCLUDE_IN_FRAMEWORK_HEADER = YES;
				CLANG_WARN_RANGE_LOOP_ANALYSIS = YES;
				CLANG_WARN_STRICT_PROTOTYPES = YES;
				CLANG_WARN_SUSPICIOUS_MOVE = YES;
				CLANG_WARN_UNGUARDED_AVAILABILITY = YES_AGGRESSIVE;
				CLANG_WARN_UNREACHABLE_CODE = YES;
				CLANG_WARN__DUPLICATE_METHOD_MATCH = YES;
				COPY_PHASE_STRIP = NO;
				DEBUG_INFORMATION_FORMAT = "dwarf-with-dsym";
				ENABLE_NS_ASSERTIONS = NO;
				ENABLE_STRICT_OBJC_MSGSEND = YES;
				GCC_C_LANGUAGE_STANDARD = gnu11;
				GCC_NO_COMMON_BLOCKS = YES;
				GCC_WARN_64_TO_32_BIT_CONVERSION = YES;
				GCC_WARN_ABOUT_RETURN_TYPE = YES_ERROR;
				GCC_WARN_UNDECLARED_SELECTOR = YES;
				GCC_WARN_UNINITIALIZED_AUTOS = YES_AGGRESSIVE;
				GCC_WARN_UNUSED_FUNCTION = YES;
				GCC_WARN_UNUSED_VARIABLE = YES;
				IPHONEOS_DEPLOYMENT_TARGET = 15.5;
				MTL_ENABLE_DEBUG_INFO = NO;
				MTL_FAST_MATH = YES;
				SDKROOT = iphoneos;
				SWIFT_COMPILATION_MODE = wholemodule;
				SWIFT_OPTIMIZATION_LEVEL = "-O";
				VALIDATE_PRODUCT = YES;
			};
			name = Release;
		};
		B20110CB2874DB360047F736 /* Debug */ = {
			isa = XCBuildConfiguration;
			buildSettings = {
				ASSETCATALOG_COMPILER_APPICON_NAME = AppIcon;
				ASSETCATALOG_COMPILER_GLOBAL_ACCENT_COLOR_NAME = AccentColor;
				CODE_SIGN_STYLE = Automatic;
				CURRENT_PROJECT_VERSION = 1;
				DEVELOPMENT_TEAM = 44MZ84GM49;
				GENERATE_INFOPLIST_FILE = YES;
				INFOPLIST_FILE = "MilesstoneProjects10-12/Info.plist";
				INFOPLIST_KEY_UIApplicationSupportsIndirectInputEvents = YES;
				INFOPLIST_KEY_UILaunchStoryboardName = LaunchScreen;
				INFOPLIST_KEY_UIMainStoryboardFile = Main;
				INFOPLIST_KEY_UISupportedInterfaceOrientations_iPad = "UIInterfaceOrientationPortrait UIInterfaceOrientationPortraitUpsideDown UIInterfaceOrientationLandscapeLeft UIInterfaceOrientationLandscapeRight";
				INFOPLIST_KEY_UISupportedInterfaceOrientations_iPhone = "UIInterfaceOrientationPortrait UIInterfaceOrientationLandscapeLeft UIInterfaceOrientationLandscapeRight";
				LD_RUNPATH_SEARCH_PATHS = (
					"$(inherited)",
					"@executable_path/Frameworks",
				);
				MARKETING_VERSION = 1.0;
				PRODUCT_BUNDLE_IDENTIFIER = "com.mehmetcansimsek.MilesstoneProjects10-12";
				PRODUCT_NAME = "$(TARGET_NAME)";
				SWIFT_EMIT_LOC_STRINGS = YES;
				SWIFT_VERSION = 5.0;
				TARGETED_DEVICE_FAMILY = "1,2";
			};
			name = Debug;
		};
		B20110CC2874DB360047F736 /* Release */ = {
			isa = XCBuildConfiguration;
			buildSettings = {
				ASSETCATALOG_COMPILER_APPICON_NAME = AppIcon;
				ASSETCATALOG_COMPILER_GLOBAL_ACCENT_COLOR_NAME = AccentColor;
				CODE_SIGN_STYLE = Automatic;
				CURRENT_PROJECT_VERSION = 1;
				DEVELOPMENT_TEAM = 44MZ84GM49;
				GENERATE_INFOPLIST_FILE = YES;
				INFOPLIST_FILE = "MilesstoneProjects10-12/Info.plist";
				INFOPLIST_KEY_UIApplicationSupportsIndirectInputEvents = YES;
				INFOPLIST_KEY_UILaunchStoryboardName = LaunchScreen;
				INFOPLIST_KEY_UIMainStoryboardFile = Main;
				INFOPLIST_KEY_UISupportedInterfaceOrientations_iPad = "UIInterfaceOrientationPortrait UIInterfaceOrientationPortraitUpsideDown UIInterfaceOrientationLandscapeLeft UIInterfaceOrientationLandscapeRight";
				INFOPLIST_KEY_UISupportedInterfaceOrientations_iPhone = "UIInterfaceOrientationPortrait UIInterfaceOrientationLandscapeLeft UIInterfaceOrientationLandscapeRight";
				LD_RUNPATH_SEARCH_PATHS = (
					"$(inherited)",
					"@executable_path/Frameworks",
				);
				MARKETING_VERSION = 1.0;
				PRODUCT_BUNDLE_IDENTIFIER = "com.mehmetcansimsek.MilesstoneProjects10-12";
				PRODUCT_NAME = "$(TARGET_NAME)";
				SWIFT_EMIT_LOC_STRINGS = YES;
				SWIFT_VERSION = 5.0;
				TARGETED_DEVICE_FAMILY = "1,2";
			};
			name = Release;
		};
/* End XCBuildConfiguration section */

/* Begin XCConfigurationList section */
		B20110B12874DB340047F736 /* Build configuration list for PBXProject "MilesstoneProjects10-12" */ = {
			isa = XCConfigurationList;
			buildConfigurations = (
				B20110C82874DB360047F736 /* Debug */,
				B20110C92874DB360047F736 /* Release */,
			);
			defaultConfigurationIsVisible = 0;
			defaultConfigurationName = Release;
		};
		B20110CA2874DB360047F736 /* Build configuration list for PBXNativeTarget "MilesstoneProjects10-12" */ = {
			isa = XCConfigurationList;
			buildConfigurations = (
				B20110CB2874DB360047F736 /* Debug */,
				B20110CC2874DB360047F736 /* Release */,
			);
			defaultConfigurationIsVisible = 0;
			defaultConfigurationName = Release;
		};
/* End XCConfigurationList section */
	};
	rootObject = B20110AE2874DB340047F736 /* Project object */;
}
